
Microsoft Visual Studio Solution File, Format Version 12.00
# Visual Studio Version 17
VisualStudioVersion = 17.5.33424.131
MinimumVisualStudioVersion = 10.0.40219.1
Project("{FAE04EC0-301F-11D3-BF4B-00C04F79EFBC}") = "lab1Ass1", "Fengliang0234-lab\lab1Ass1.csproj", "{EB881240-4959-440E-9359-1A41D58EEEEB}"
EndProject
Project("{FAE04EC0-301F-11D3-BF4B-00C04F79EFBC}") = "lab1Ass2", "lab1Ass2\lab1Ass2.csproj", "{23930671-9CF1-42D9-8C93-B50616999BC1}"
EndProject
Project("{FAE04EC0-301F-11D3-BF4B-00C04F79EFBC}") = "labAss3", "labAssignment3\labAss3.csproj", "{327E4E8F-C823-4E9A-8795-9AF4D72DC610}"
EndProject
Project("{FAE04EC0-301F-11D3-BF4B-00C04F79EFBC}") = "LabAss4", "LabAss4\LabAss4.csproj", "{B19DE600-AB6D-425B-B3DC-2B0CDD5DE9AF}"
EndProject
Project("{FAE04EC0-301F-11D3-BF4B-00C04F79EFBC}") = "LabAss5", "LabAss5\LabAss5.csproj", "{071135BC-7641-4E30-9FBA-11C4D36DDA9F}"
EndProject
Project("{FAE04EC0-301F-11D3-BF4B-00C04F79EFBC}") = "LabAss6", "LabAss6\LabAss6.csproj", "{D7B33E24-AAE4-4591-86D3-5DAFEE8FB28B}"
EndProject
Global
	GlobalSection(SolutionConfigurationPlatforms) = preSolution
		Debug|Any CPU = Debug|Any CPU
		Release|Any CPU = Release|Any CPU
	EndGlobalSection
	GlobalSection(ProjectConfigurationPlatforms) = postSolution
		{EB881240-4959-440E-9359-1A41D58EEEEB}.Debug|Any CPU.ActiveCfg = Debug|Any CPU
		{EB881240-4959-440E-9359-1A41D58EEEEB}.Debug|Any CPU.Build.0 = Debug|Any CPU
		{EB881240-4959-440E-9359-1A41D58EEEEB}.Release|Any CPU.ActiveCfg = Release|Any CPU
		{EB881240-4959-440E-9359-1A41D58EEEEB}.Release|Any CPU.Build.0 = Release|Any CPU
		{23930671-9CF1-42D9-8C93-B50616999BC1}.Debug|Any CPU.ActiveCfg = Debug|Any CPU
		{23930671-9CF1-42D9-8C93-B50616999BC1}.Debug|Any CPU.Build.0 = Debug|Any CPU
		{23930671-9CF1-42D9-8C93-B50616999BC1}.Release|Any CPU.ActiveCfg = Release|Any CPU
		{23930671-9CF1-42D9-8C93-B50616999BC1}.Release|Any CPU.Build.0 = Release|Any CPU
		{327E4E8F-C823-4E9A-8795-9AF4D72DC610}.Debug|Any CPU.ActiveCfg = Debug|Any CPU
		{327E4E8F-C823-4E9A-8795-9AF4D72DC610}.Debug|Any CPU.Build.0 = Debug|Any CPU
		{327E4E8F-C823-4E9A-8795-9AF4D72DC610}.Release|Any CPU.ActiveCfg = Release|Any CPU
		{327E4E8F-C823-4E9A-8795-9AF4D72DC610}.Release|Any CPU.Build.0 = Release|Any CPU
		{B19DE600-AB6D-425B-B3DC-2B0CDD5DE9AF}.Debug|Any CPU.ActiveCfg = Debug|Any CPU
		{B19DE600-AB6D-425B-B3DC-2B0CDD5DE9AF}.Debug|Any CPU.Build.0 = Debug|Any CPU
		{B19DE600-AB6D-425B-B3DC-2B0CDD5DE9AF}.Release|Any CPU.ActiveCfg = Release|Any CPU
		{B19DE600-AB6D-425B-B3DC-2B0CDD5DE9AF}.Release|Any CPU.Build.0 = Release|Any CPU
		{071135BC-7641-4E30-9FBA-11C4D36DDA9F}.Debug|Any CPU.ActiveCfg = Debug|Any CPU
		{071135BC-7641-4E30-9FBA-11C4D36DDA9F}.Debug|Any CPU.Build.0 = Debug|Any CPU
		{071135BC-7641-4E30-9FBA-11C4D36DDA9F}.Release|Any CPU.ActiveCfg = Release|Any CPU
		{071135BC-7641-4E30-9FBA-11C4D36DDA9F}.Release|Any CPU.Build.0 = Release|Any CPU
		{D7B33E24-AAE4-4591-86D3-5DAFEE8FB28B}.Debug|Any CPU.ActiveCfg = Debug|Any CPU
		{D7B33E24-AAE4-4591-86D3-5DAFEE8FB28B}.Debug|Any CPU.Build.0 = Debug|Any CPU
		{D7B33E24-AAE4-4591-86D3-5DAFEE8FB28B}.Release|Any CPU.ActiveCfg = Release|Any CPU
		{D7B33E24-AAE4-4591-86D3-5DAFEE8FB28B}.Release|Any CPU.Build.0 = Release|Any CPU
	EndGlobalSection
	GlobalSection(SolutionProperties) = preSolution
		HideSolutionNode = FALSE
	EndGlobalSection
	GlobalSection(ExtensibilityGlobals) = postSolution
		SolutionGuid = {0B92690F-9CF5-4783-BFA4-FA0FA137B5A7}
	EndGlobalSection
EndGlobal
